<?xml version="1.0" encoding="utf-8"?>
<Project ToolsVersion="4.0" xmlns="http://schemas.microsoft.com/developer/msbuild/2003">
  <ItemGroup>
    <Filter Include="Public API">
      <UniqueIdentifier>{11111111-1111-1111-1111-111111111111}</UniqueIdentifier>
    </Filter>
    <Filter Include="Source Files">
      <UniqueIdentifier>{22222222-2222-2222-2222-222222222222}</UniqueIdentifier>
    </Filter>
    <Filter Include="Source Files\common">
      <UniqueIdentifier>{33333333-3333-3333-3333-333333333333}</UniqueIdentifier>
    </Filter>
    <Filter Include="Source Files\midi">
      <UniqueIdentifier>{44444444-4444-4444-4444-444444444444}</UniqueIdentifier>
    </Filter>
    <Filter Include="Source Files\sf2">
      <UniqueIdentifier>{55555555-5555-5555-5555-555555555555}</UniqueIdentifier>
    </Filter>
    <Filter Include="Source Files\synth">
      <UniqueIdentifier>{66666666-6666-6666-6666-666666666666}</UniqueIdentifier>
    </Filter>
    <Filter Include="Source Files\dls">
      <UniqueIdentifier>{77777777-7777-7777-7777-777777777777}</UniqueIdentifier>
    </Filter>
    <Filter Include="Source Files\soundbank">
      <UniqueIdentifier>{88888888-8888-8888-8888-888888888888}</UniqueIdentifier>
    </Filter>
  </ItemGroup>
  <ItemGroup>
    <ClInclude Include="include\XArkMidiEngine.h">
      <Filter>Public API</Filter>
    </ClInclude>
    <ClInclude Include="src\common\Types.h">
      <Filter>Source Files\common</Filter>
    </ClInclude>
    <ClInclude Include="src\common\BinaryReader.h">
      <Filter>Source Files\common</Filter>
    </ClInclude>
    <ClInclude Include="src\common\FileUtil.h">
      <Filter>Source Files\common</Filter>
    </ClInclude>
    <ClInclude Include="src\midi\MidiEvent.h">
      <Filter>Source Files\midi</Filter>
    </ClInclude>
    <ClInclude Include="src\midi\MidiTrack.h">
      <Filter>Source Files\midi</Filter>
    </ClInclude>
    <ClInclude Include="src\midi\MidiFile.h">
      <Filter>Source Files\midi</Filter>
    </ClInclude>
    <ClInclude Include="src\midi\MidiSequencer.h">
      <Filter>Source Files\midi</Filter>
    </ClInclude>
    <ClInclude Include="src\sf2\Sf2Types.h">
      <Filter>Source Files\sf2</Filter>
    </ClInclude>
    <ClInclude Include="src\sf2\Sf2File.h">
      <Filter>Source Files\sf2</Filter>
    </ClInclude>
    <ClInclude Include="src\soundbank\SoundBank.h">
      <Filter>Source Files\soundbank</Filter>
    </ClInclude>
    <ClInclude Include="src\dls\DlsFile.h">
      <Filter>Source Files\dls</Filter>
    </ClInclude>
    <ClInclude Include="src\synth\Interpolator.h">
      <Filter>Source Files\synth</Filter>
    </ClInclude>
    <ClInclude Include="src\synth\Voice.h">
      <Filter>Source Files\synth</Filter>
    </ClInclude>
    <ClInclude Include="src\synth\VoicePool.h">
      <Filter>Source Files\synth</Filter>
    </ClInclude>
    <ClInclude Include="src\synth\Channel.h">
      <Filter>Source Files\synth</Filter>
    </ClInclude>
    <ClInclude Include="src\synth\Synthesizer.h">
      <Filter>Source Files\synth</Filter>
    </ClInclude>
    <ClInclude Include="src\common\CpuFeatures.h" />
    <ClInclude Include="src\synth\SimdKernels.h" />
  </ItemGroup>
  <ItemGroup>
    <ClCompile Include="src\dllmain.cpp">
      <Filter>Source Files</Filter>
    </ClCompile>
    <ClCompile Include="src\api.cpp">
      <Filter>Source Files</Filter>
    </ClCompile>
    <ClCompile Include="src\common\BinaryReader.cpp">
      <Filter>Source Files\common</Filter>
    </ClCompile>
    <ClCompile Include="src\common\FileUtil.cpp">
      <Filter>Source Files\common</Filter>
    </ClCompile>
    <ClCompile Include="src\midi\MidiTrack.cpp">
      <Filter>Source Files\midi</Filter>
    </ClCompile>
    <ClCompile Include="src\midi\MidiFile.cpp">
      <Filter>Source Files\midi</Filter>
    </ClCompile>
    <ClCompile Include="src\midi\MidiSequencer.cpp">
      <Filter>Source Files\midi</Filter>
    </ClCompile>
    <ClCompile Include="src\sf2\Sf2File.cpp">
      <Filter>Source Files\sf2</Filter>
    </ClCompile>
    <ClCompile Include="src\dls\DlsFile.cpp">
      <Filter>Source Files\dls</Filter>
    </ClCompile>
    <ClCompile Include="src\synth\Voice.cpp">
      <Filter>Source Files\synth</Filter>
    </ClCompile>
    <ClCompile Include="src\synth\VoicePool.cpp">
      <Filter>Source Files\synth</Filter>
    </ClCompile>
    <ClCompile Include="src\synth\Synthesizer.cpp">
      <Filter>Source Files\synth</Filter>
    </ClCompile>
    <ClCompile Include="src\common\CpuFeatures.cpp" />
    <ClCompile Include="src\synth\SimdKernels.cpp" />
    <ClCompile Include="src\synth\SimdKernelsAvx2.cpp" />
  </ItemGroup>
</Project>